
Microsoft Visual Studio Solution File, Format Version 12.00
# Visual Studio Version 16
VisualStudioVersion = 16.0.28729.10
MinimumVisualStudioVersion = 10.0.40219.1
Project("{FAE04EC0-301F-11D3-BF4B-00C04F79EFBC}") = "ACDC", "ACDC\ACDC.csproj", "{257019E1-8BAB-4F72-A2E2-4D5E2E4C1ECA}"
EndProject
Project("{FAE04EC0-301F-11D3-BF4B-00C04F79EFBC}") = "Energizer", "Energizer\Energizer.csproj", "{2671D145-BB72-4517-9897-413294D4A7E9}"
EndProject
Global
	GlobalSection(SolutionConfigurationPlatforms) = preSolution
		Debug|Any CPU = Debug|Any CPU
		Release|Any CPU = Release|Any CPU
	EndGlobalSection
	GlobalSection(ProjectConfigurationPlatforms) = postSolution
		{257019E1-8BAB-4F72-A2E2-4D5E2E4C1ECA}.Debug|Any CPU.ActiveCfg = Debug|Any CPU
		{257019E1-8BAB-4F72-A2E2-4D5E2E4C1ECA}.Debug|Any CPU.Build.0 = Debug|Any CPU
		{257019E1-8BAB-4F72-A2E2-4D5E2E4C1ECA}.Release|Any CPU.ActiveCfg = Release|Any CPU
		{257019E1-8BAB-4F72-A2E2-4D5E2E4C1ECA}.Release|Any CPU.Build.0 = Release|Any CPU
		{2671D145-BB72-4517-9897-413294D4A7E9}.Debug|Any CPU.ActiveCfg = Debug|Any CPU
		{2671D145-BB72-4517-9897-413294D4A7E9}.Debug|Any CPU.Build.0 = Debug|Any CPU
		{2671D145-BB72-4517-9897-413294D4A7E9}.Release|Any CPU.ActiveCfg = Release|Any CPU
		{2671D145-BB72-4517-9897-413294D4A7E9}.Release|Any CPU.Build.0 = Release|Any CPU
	EndGlobalSection
	GlobalSection(SolutionProperties) = preSolution
		HideSolutionNode = FALSE
	EndGlobalSection
	GlobalSection(ExtensibilityGlobals) = postSolution
		SolutionGuid = {0B2B3C0A-80F6-465D-82AC-CBBDBCFC7147}
	EndGlobalSection
EndGlobal
